
Microsoft Visual Studio Solution File, Format Version 12.00
# Visual Studio 15
VisualStudioVersion = 15.0.27130.2010
MinimumVisualStudioVersion = 10.0.40219.1
Project("{FAE04EC0-301F-11D3-BF4B-00C04F79EFBC}") = "ALE1.Android", "ALE1\ALE1.Android\ALE1.Android.csproj", "{F327EB18-C11E-4925-948A-BE65528FF938}"
EndProject
Project("{FAE04EC0-301F-11D3-BF4B-00C04F79EFBC}") = "ALE1.iOS", "ALE1\ALE1.iOS\ALE1.iOS.csproj", "{DAD249B8-079F-4032-B80D-41BF4CF62052}"
EndProject
Project("{FAE04EC0-301F-11D3-BF4B-00C04F79EFBC}") = "ALE1.UWP", "ALE1\ALE1.UWP\ALE1.UWP.csproj", "{9508CB79-FC7B-4487-9EFB-4914E90664ED}"
EndProject
Project("{FAE04EC0-301F-11D3-BF4B-00C04F79EFBC}") = "ALE1", "ALE1\ALE1\ALE1.csproj", "{3A319645-E13A-4C76-8946-64B26A7A5DC5}"
EndProject
Global
	GlobalSection(SolutionConfigurationPlatforms) = preSolution
		Ad-Hoc|Any CPU = Ad-Hoc|Any CPU
		Ad-Hoc|ARM = Ad-Hoc|ARM
		Ad-Hoc|iPhone = Ad-Hoc|iPhone
		Ad-Hoc|iPhoneSimulator = Ad-Hoc|iPhoneSimulator
		Ad-Hoc|x64 = Ad-Hoc|x64
		Ad-Hoc|x86 = Ad-Hoc|x86
		AppStore|Any CPU = AppStore|Any CPU
		AppStore|ARM = AppStore|ARM
		AppStore|iPhone = AppStore|iPhone
		AppStore|iPhoneSimulator = AppStore|iPhoneSimulator
		AppStore|x64 = AppStore|x64
		AppStore|x86 = AppStore|x86
		Debug|Any CPU = Debug|Any CPU
		Debug|ARM = Debug|ARM
		Debug|iPhone = Debug|iPhone
		Debug|iPhoneSimulator = Debug|iPhoneSimulator
		Debug|x64 = Debug|x64
		Debug|x86 = Debug|x86
		Release|Any CPU = Release|Any CPU
		Release|ARM = Release|ARM
		Release|iPhone = Release|iPhone
		Release|iPhoneSimulator = Release|iPhoneSimulator
		Release|x64 = Release|x64
		Release|x86 = Release|x86
	EndGlobalSection
	GlobalSection(ProjectConfigurationPlatforms) = postSolution
		{F327EB18-C11E-4925-948A-BE65528FF938}.Ad-Hoc|Any CPU.ActiveCfg = Release|Any CPU
		{F327EB18-C11E-4925-948A-BE65528FF938}.Ad-Hoc|Any CPU.Build.0 = Release|Any CPU
		{F327EB18-C11E-4925-948A-BE65528FF938}.Ad-Hoc|Any CPU.Deploy.0 = Release|Any CPU
		{F327EB18-C11E-4925-948A-BE65528FF938}.Ad-Hoc|ARM.ActiveCfg = Release|Any CPU
		{F327EB18-C11E-4925-948A-BE65528FF938}.Ad-Hoc|ARM.Build.0 = Release|Any CPU
		{F327EB18-C11E-4925-948A-BE65528FF938}.Ad-Hoc|ARM.Deploy.0 = Release|Any CPU
		{F327EB18-C11E-4925-948A-BE65528FF938}.Ad-Hoc|iPhone.ActiveCfg = Release|Any CPU
		{F327EB18-C11E-4925-948A-BE65528FF938}.Ad-Hoc|iPhone.Build.0 = Release|Any CPU
		{F327EB18-C11E-4925-948A-BE65528FF938}.Ad-Hoc|iPhone.Deploy.0 = Release|Any CPU
		{F327EB18-C11E-4925-948A-BE65528FF938}.Ad-Hoc|iPhoneSimulator.ActiveCfg = Release|Any CPU
		{F327EB18-C11E-4925-948A-BE65528FF938}.Ad-Hoc|iPhoneSimulator.Build.0 = Release|Any CPU
		{F327EB18-C11E-4925-948A-BE65528FF938}.Ad-Hoc|iPhoneSimulator.Deploy.0 = Release|Any CPU
		{F327EB18-C11E-4925-948A-BE65528FF938}.Ad-Hoc|x64.ActiveCfg = Release|Any CPU
		{F327EB18-C11E-4925-948A-BE65528FF938}.Ad-Hoc|x64.Build.0 = Release|Any CPU
		{F327EB18-C11E-4925-948A-BE65528FF938}.Ad-Hoc|x64.Deploy.0 = Release|Any CPU
		{F327EB18-C11E-4925-948A-BE65528FF938}.Ad-Hoc|x86.ActiveCfg = Release|Any CPU
		{F327EB18-C11E-4925-948A-BE65528FF938}.Ad-Hoc|x86.Build.0 = Release|Any CPU
		{F327EB18-C11E-4925-948A-BE65528FF938}.Ad-Hoc|x86.Deploy.0 = Release|Any CPU
		{F327EB18-C11E-4925-948A-BE65528FF938}.AppStore|Any CPU.ActiveCfg = Release|Any CPU
		{F327EB18-C11E-4925-948A-BE65528FF938}.AppStore|Any CPU.Build.0 = Release|Any CPU
		{F327EB18-C11E-4925-948A-BE65528FF938}.AppStore|Any CPU.Deploy.0 = Release|Any CPU
		{F327EB18-C11E-4925-948A-BE65528FF938}.AppStore|ARM.ActiveCfg = Release|Any CPU
		{F327EB18-C11E-4925-948A-BE65528FF938}.AppStore|ARM.Build.0 = Release|Any CPU
		{F327EB18-C11E-4925-948A-BE65528FF938}.AppStore|ARM.Deploy.0 = Release|Any CPU
		{F327EB18-C11E-4925-948A-BE65528FF938}.AppStore|iPhone.ActiveCfg = Release|Any CPU
		{F327EB18-C11E-4925-948A-BE65528FF938}.AppStore|iPhone.Build.0 = Release|Any CPU
		{F327EB18-C11E-4925-948A-BE65528FF938}.AppStore|iPhone.Deploy.0 = Release|Any CPU
		{F327EB18-C11E-4925-948A-BE65528FF938}.AppStore|iPhoneSimulator.ActiveCfg = Release|Any CPU
		{F327EB18-C11E-4925-948A-BE65528FF938}.AppStore|iPhoneSimulator.Build.0 = Release|Any CPU
		{F327EB18-C11E-4925-948A-BE65528FF938}.AppStore|iPhoneSimulator.Deploy.0 = Release|Any CPU
		{F327EB18-C11E-4925-948A-BE65528FF938}.AppStore|x64.ActiveCfg = Release|Any CPU
		{F327EB18-C11E-4925-948A-BE65528FF938}.AppStore|x64.Build.0 = Release|Any CPU
		{F327EB18-C11E-4925-948A-BE65528FF938}.AppStore|x64.Deploy.0 = Release|Any CPU
		{F327EB18-C11E-4925-948A-BE65528FF938}.AppStore|x86.ActiveCfg = Release|Any CPU
		{F327EB18-C11E-4925-948A-BE65528FF938}.AppStore|x86.Build.0 = Release|Any CPU
		{F327EB18-C11E-4925-948A-BE65528FF938}.AppStore|x86.Deploy.0 = Release|Any CPU
		{F327EB18-C11E-4925-948A-BE65528FF938}.Debug|Any CPU.ActiveCfg = Debug|Any CPU
		{F327EB18-C11E-4925-948A-BE65528FF938}.Debug|Any CPU.Build.0 = Debug|Any CPU
		{F327EB18-C11E-4925-948A-BE65528FF938}.Debug|Any CPU.Deploy.0 = Debug|Any CPU
		{F327EB18-C11E-4925-948A-BE65528FF938}.Debug|ARM.ActiveCfg = Debug|Any CPU
		{F327EB18-C11E-4925-948A-BE65528FF938}.Debug|ARM.Build.0 = Debug|Any CPU
		{F327EB18-C11E-4925-948A-BE65528FF938}.Debug|ARM.Deploy.0 = Debug|Any CPU
		{F327EB18-C11E-4925-948A-BE65528FF938}.Debug|iPhone.ActiveCfg = Debug|Any CPU
		{F327EB18-C11E-4925-948A-BE65528FF938}.Debug|iPhone.Build.0 = Debug|Any CPU
		{F327EB18-C11E-4925-948A-BE65528FF938}.Debug|iPhone.Deploy.0 = Debug|Any CPU
		{F327EB18-C11E-4925-948A-BE65528FF938}.Debug|iPhoneSimulator.ActiveCfg = Debug|Any CPU
		{F327EB18-C11E-4925-948A-BE65528FF938}.Debug|iPhoneSimulator.Build.0 = Debug|Any CPU
		{F327EB18-C11E-4925-948A-BE65528FF938}.Debug|iPhoneSimulator.Deploy.0 = Debug|Any CPU
		{F327EB18-C11E-4925-948A-BE65528FF938}.Debug|x64.ActiveCfg = Debug|Any CPU
		{F327EB18-C11E-4925-948A-BE65528FF938}.Debug|x64.Build.0 = Debug|Any CPU
		{F327EB18-C11E-4925-948A-BE65528FF938}.Debug|x64.Deploy.0 = Debug|Any CPU
		{F327EB18-C11E-4925-948A-BE65528FF938}.Debug|x86.ActiveCfg = Debug|Any CPU
		{F327EB18-C11E-4925-948A-BE65528FF938}.Debug|x86.Build.0 = Debug|Any CPU
		{F327EB18-C11E-4925-948A-BE65528FF938}.Debug|x86.Deploy.0 = Debug|Any CPU
		{F327EB18-C11E-4925-948A-BE65528FF938}.Release|Any CPU.ActiveCfg = Release|Any CPU
		{F327EB18-C11E-4925-948A-BE65528FF938}.Release|Any CPU.Build.0 = Release|Any CPU
		{F327EB18-C11E-4925-948A-BE65528FF938}.Release|Any CPU.Deploy.0 = Release|Any CPU
		{F327EB18-C11E-4925-948A-BE65528FF938}.Release|ARM.ActiveCfg = Release|Any CPU
		{F327EB18-C11E-4925-948A-BE65528FF938}.Release|ARM.Build.0 = Release|Any CPU
		{F327EB18-C11E-4925-948A-BE65528FF938}.Release|ARM.Deploy.0 = Release|Any CPU
		{F327EB18-C11E-4925-948A-BE65528FF938}.Release|iPhone.ActiveCfg = Release|Any CPU
		{F327EB18-C11E-4925-948A-BE65528FF938}.Release|iPhone.Build.0 = Release|Any CPU
		{F327EB18-C11E-4925-948A-BE65528FF938}.Release|iPhone.Deploy.0 = Release|Any CPU
		{F327EB18-C11E-4925-948A-BE65528FF938}.Release|iPhoneSimulator.ActiveCfg = Release|Any CPU
		{F327EB18-C11E-4925-948A-BE65528FF938}.Release|iPhoneSimulator.Build.0 = Release|Any CPU
		{F327EB18-C11E-4925-948A-BE65528FF938}.Release|iPhoneSimulator.Deploy.0 = Release|Any CPU
		{F327EB18-C11E-4925-948A-BE65528FF938}.Release|x64.ActiveCfg = Release|Any CPU
		{F327EB18-C11E-4925-948A-BE65528FF938}.Release|x64.Build.0 = Release|Any CPU
		{F327EB18-C11E-4925-948A-BE65528FF938}.Release|x64.Deploy.0 = Release|Any CPU
		{F327EB18-C11E-4925-948A-BE65528FF938}.Release|x86.ActiveCfg = Release|Any CPU
		{F327EB18-C11E-4925-948A-BE65528FF938}.Release|x86.Build.0 = Release|Any CPU
		{F327EB18-C11E-4925-948A-BE65528FF938}.Release|x86.Deploy.0 = Release|Any CPU
		{DAD249B8-079F-4032-B80D-41BF4CF62052}.Ad-Hoc|Any CPU.ActiveCfg = Ad-Hoc|iPhone
		{DAD249B8-079F-4032-B80D-41BF4CF62052}.Ad-Hoc|ARM.ActiveCfg = Ad-Hoc|iPhone
		{DAD249B8-079F-4032-B80D-41BF4CF62052}.Ad-Hoc|iPhone.ActiveCfg = Ad-Hoc|iPhone
		{DAD249B8-079F-4032-B80D-41BF4CF62052}.Ad-Hoc|iPhone.Build.0 = Ad-Hoc|iPhone
		{DAD249B8-079F-4032-B80D-41BF4CF62052}.Ad-Hoc|iPhoneSimulator.ActiveCfg = Ad-Hoc|iPhoneSimulator
		{DAD249B8-079F-4032-B80D-41BF4CF62052}.Ad-Hoc|iPhoneSimulator.Build.0 = Ad-Hoc|iPhoneSimulator
		{DAD249B8-079F-4032-B80D-41BF4CF62052}.Ad-Hoc|x64.ActiveCfg = Ad-Hoc|iPhone
		{DAD249B8-079F-4032-B80D-41BF4CF62052}.Ad-Hoc|x86.ActiveCfg = Ad-Hoc|iPhone
		{DAD249B8-079F-4032-B80D-41BF4CF62052}.AppStore|Any CPU.ActiveCfg = AppStore|iPhone
		{DAD249B8-079F-4032-B80D-41BF4CF62052}.AppStore|ARM.ActiveCfg = AppStore|iPhone
		{DAD249B8-079F-4032-B80D-41BF4CF62052}.AppStore|iPhone.ActiveCfg = AppStore|iPhone
		{DAD249B8-079F-4032-B80D-41BF4CF62052}.AppStore|iPhone.Build.0 = AppStore|iPhone
		{DAD249B8-079F-4032-B80D-41BF4CF62052}.AppStore|iPhoneSimulator.ActiveCfg = AppStore|iPhoneSimulator
		{DAD249B8-079F-4032-B80D-41BF4CF62052}.AppStore|iPhoneSimulator.Build.0 = AppStore|iPhoneSimulator
		{DAD249B8-079F-4032-B80D-41BF4CF62052}.AppStore|x64.ActiveCfg = AppStore|iPhone
		{DAD249B8-079F-4032-B80D-41BF4CF62052}.AppStore|x86.ActiveCfg = AppStore|iPhone
		{DAD249B8-079F-4032-B80D-41BF4CF62052}.Debug|Any CPU.ActiveCfg = Debug|iPhone
		{DAD249B8-079F-4032-B80D-41BF4CF62052}.Debug|ARM.ActiveCfg = Debug|iPhone
		{DAD249B8-079F-4032-B80D-41BF4CF62052}.Debug|iPhone.ActiveCfg = Debug|iPhone
		{DAD249B8-079F-4032-B80D-41BF4CF62052}.Debug|iPhone.Build.0 = Debug|iPhone
		{DAD249B8-079F-4032-B80D-41BF4CF62052}.Debug|iPhoneSimulator.ActiveCfg = Debug|iPhoneSimulator
		{DAD249B8-079F-4032-B80D-41BF4CF62052}.Debug|iPhoneSimulator.Build.0 = Debug|iPhoneSimulator
		{DAD249B8-079F-4032-B80D-41BF4CF62052}.Debug|x64.ActiveCfg = Debug|iPhone
		{DAD249B8-079F-4032-B80D-41BF4CF62052}.Debug|x86.ActiveCfg = Debug|iPhone
		{DAD249B8-079F-4032-B80D-41BF4CF62052}.Release|Any CPU.ActiveCfg = Release|iPhone
		{DAD249B8-079F-4032-B80D-41BF4CF62052}.Release|ARM.ActiveCfg = Release|iPhone
		{DAD249B8-079F-4032-B80D-41BF4CF62052}.Release|iPhone.ActiveCfg = Release|iPhone
		{DAD249B8-079F-4032-B80D-41BF4CF62052}.Release|iPhone.Build.0 = Release|iPhone
		{DAD249B8-079F-4032-B80D-41BF4CF62052}.Release|iPhoneSimulator.ActiveCfg = Release|iPhoneSimulator
		{DAD249B8-079F-4032-B80D-41BF4CF62052}.Release|iPhoneSimulator.Build.0 = Release|iPhoneSimulator
		{DAD249B8-079F-4032-B80D-41BF4CF62052}.Release|x64.ActiveCfg = Release|iPhone
		{DAD249B8-079F-4032-B80D-41BF4CF62052}.Release|x86.ActiveCfg = Release|iPhone
		{9508CB79-FC7B-4487-9EFB-4914E90664ED}.Ad-Hoc|Any CPU.ActiveCfg = Release|x86
		{9508CB79-FC7B-4487-9EFB-4914E90664ED}.Ad-Hoc|Any CPU.Build.0 = Release|x86
		{9508CB79-FC7B-4487-9EFB-4914E90664ED}.Ad-Hoc|Any CPU.Deploy.0 = Release|x86
		{9508CB79-FC7B-4487-9EFB-4914E90664ED}.Ad-Hoc|ARM.ActiveCfg = Release|ARM
		{9508CB79-FC7B-4487-9EFB-4914E90664ED}.Ad-Hoc|ARM.Build.0 = Release|ARM
		{9508CB79-FC7B-4487-9EFB-4914E90664ED}.Ad-Hoc|ARM.Deploy.0 = Release|ARM
		{9508CB79-FC7B-4487-9EFB-4914E90664ED}.Ad-Hoc|iPhone.ActiveCfg = Release|x86
		{9508CB79-FC7B-4487-9EFB-4914E90664ED}.Ad-Hoc|iPhone.Build.0 = Release|x86
		{9508CB79-FC7B-4487-9EFB-4914E90664ED}.Ad-Hoc|iPhone.Deploy.0 = Release|x86
		{9508CB79-FC7B-4487-9EFB-4914E90664ED}.Ad-Hoc|iPhoneSimulator.ActiveCfg = Release|x86
		{9508CB79-FC7B-4487-9EFB-4914E90664ED}.Ad-Hoc|iPhoneSimulator.Build.0 = Release|x86
		{9508CB79-FC7B-4487-9EFB-4914E90664ED}.Ad-Hoc|iPhoneSimulator.Deploy.0 = Release|x86
		{9508CB79-FC7B-4487-9EFB-4914E90664ED}.Ad-Hoc|x64.ActiveCfg = Release|x64
		{9508CB79-FC7B-4487-9EFB-4914E90664ED}.Ad-Hoc|x64.Build.0 = Release|x64
		{9508CB79-FC7B-4487-9EFB-4914E90664ED}.Ad-Hoc|x64.Deploy.0 = Release|x64
		{9508CB79-FC7B-4487-9EFB-4914E90664ED}.Ad-Hoc|x86.ActiveCfg = Release|x86
		{9508CB79-FC7B-4487-9EFB-4914E90664ED}.Ad-Hoc|x86.Build.0 = Release|x86
		{9508CB79-FC7B-4487-9EFB-4914E90664ED}.Ad-Hoc|x86.Deploy.0 = Release|x86
		{9508CB79-FC7B-4487-9EFB-4914E90664ED}.AppStore|Any CPU.ActiveCfg = Release|x86
		{9508CB79-FC7B-4487-9EFB-4914E90664ED}.AppStore|Any CPU.Build.0 = Release|x86
		{9508CB79-FC7B-4487-9EFB-4914E90664ED}.AppStore|Any CPU.Deploy.0 = Release|x86
		{9508CB79-FC7B-4487-9EFB-4914E90664ED}.AppStore|ARM.ActiveCfg = Release|ARM
		{9508CB79-FC7B-4487-9EFB-4914E90664ED}.AppStore|ARM.Build.0 = Release|ARM
		{9508CB79-FC7B-4487-9EFB-4914E90664ED}.AppStore|ARM.Deploy.0 = Release|ARM
		{9508CB79-FC7B-4487-9EFB-4914E90664ED}.AppStore|iPhone.ActiveCfg = Release|x86
		{9508CB79-FC7B-4487-9EFB-4914E90664ED}.AppStore|iPhone.Build.0 = Release|x86
		{9508CB79-FC7B-4487-9EFB-4914E90664ED}.AppStore|iPhone.Deploy.0 = Release|x86
		{9508CB79-FC7B-4487-9EFB-4914E90664ED}.AppStore|iPhoneSimulator.ActiveCfg = Release|x86
		{9508CB79-FC7B-4487-9EFB-4914E90664ED}.AppStore|iPhoneSimulator.Build.0 = Release|x86
		{9508CB79-FC7B-4487-9EFB-4914E90664ED}.AppStore|iPhoneSimulator.Deploy.0 = Release|x86
		{9508CB79-FC7B-4487-9EFB-4914E90664ED}.AppStore|x64.ActiveCfg = Release|x64
		{9508CB79-FC7B-4487-9EFB-4914E90664ED}.AppStore|x64.Build.0 = Release|x64
		{9508CB79-FC7B-4487-9EFB-4914E90664ED}.AppStore|x64.Deploy.0 = Release|x64
		{9508CB79-FC7B-4487-9EFB-4914E90664ED}.AppStore|x86.ActiveCfg = Release|x86
		{9508CB79-FC7B-4487-9EFB-4914E90664ED}.AppStore|x86.Build.0 = Release|x86
		{9508CB79-FC7B-4487-9EFB-4914E90664ED}.AppStore|x86.Deploy.0 = Release|x86
		{9508CB79-FC7B-4487-9EFB-4914E90664ED}.Debug|Any CPU.ActiveCfg = Debug|x86
		{9508CB79-FC7B-4487-9EFB-4914E90664ED}.Debug|ARM.ActiveCfg = Debug|ARM
		{9508CB79-FC7B-4487-9EFB-4914E90664ED}.Debug|ARM.Build.0 = Debug|ARM
		{9508CB79-FC7B-4487-9EFB-4914E90664ED}.Debug|ARM.Deploy.0 = Debug|ARM
		{9508CB79-FC7B-4487-9EFB-4914E90664ED}.Debug|iPhone.ActiveCfg = Debug|x86
		{9508CB79-FC7B-4487-9EFB-4914E90664ED}.Debug|iPhoneSimulator.ActiveCfg = Debug|x86
		{9508CB79-FC7B-4487-9EFB-4914E90664ED}.Debug|x64.ActiveCfg = Debug|x64
		{9508CB79-FC7B-4487-9EFB-4914E90664ED}.Debug|x64.Build.0 = Debug|x64
		{9508CB79-FC7B-4487-9EFB-4914E90664ED}.Debug|x64.Deploy.0 = Debug|x64
		{9508CB79-FC7B-4487-9EFB-4914E90664ED}.Debug|x86.ActiveCfg = Debug|x86
		{9508CB79-FC7B-4487-9EFB-4914E90664ED}.Debug|x86.Build.0 = Debug|x86
		{9508CB79-FC7B-4487-9EFB-4914E90664ED}.Debug|x86.Deploy.0 = Debug|x86
		{9508CB79-FC7B-4487-9EFB-4914E90664ED}.Release|Any CPU.ActiveCfg = Release|x86
		{9508CB79-FC7B-4487-9EFB-4914E90664ED}.Release|ARM.ActiveCfg = Release|ARM
		{9508CB79-FC7B-4487-9EFB-4914E90664ED}.Release|ARM.Build.0 = Release|ARM
		{9508CB79-FC7B-4487-9EFB-4914E90664ED}.Release|ARM.Deploy.0 = Release|ARM
		{9508CB79-FC7B-4487-9EFB-4914E90664ED}.Release|iPhone.ActiveCfg = Release|x86
		{9508CB79-FC7B-4487-9EFB-4914E90664ED}.Release|iPhoneSimulator.ActiveCfg = Release|x86
		{9508CB79-FC7B-4487-9EFB-4914E90664ED}.Release|x64.ActiveCfg = Release|x64
		{9508CB79-FC7B-4487-9EFB-4914E90664ED}.Release|x64.Build.0 = Release|x64
		{9508CB79-FC7B-4487-9EFB-4914E90664ED}.Release|x64.Deploy.0 = Release|x64
		{9508CB79-FC7B-4487-9EFB-4914E90664ED}.Release|x86.ActiveCfg = Release|x86
		{9508CB79-FC7B-4487-9EFB-4914E90664ED}.Release|x86.Build.0 = Release|x86
		{9508CB79-FC7B-4487-9EFB-4914E90664ED}.Release|x86.Deploy.0 = Release|x86
		{3A319645-E13A-4C76-8946-64B26A7A5DC5}.Ad-Hoc|Any CPU.ActiveCfg = Debug|Any CPU
		{3A319645-E13A-4C76-8946-64B26A7A5DC5}.Ad-Hoc|Any CPU.Build.0 = Debug|Any CPU
		{3A319645-E13A-4C76-8946-64B26A7A5DC5}.Ad-Hoc|ARM.ActiveCfg = Debug|Any CPU
		{3A319645-E13A-4C76-8946-64B26A7A5DC5}.Ad-Hoc|ARM.Build.0 = Debug|Any CPU
		{3A319645-E13A-4C76-8946-64B26A7A5DC5}.Ad-Hoc|iPhone.ActiveCfg = Debug|Any CPU
		{3A319645-E13A-4C76-8946-64B26A7A5DC5}.Ad-Hoc|iPhone.Build.0 = Debug|Any CPU
		{3A319645-E13A-4C76-8946-64B26A7A5DC5}.Ad-Hoc|iPhoneSimulator.ActiveCfg = Debug|Any CPU
		{3A319645-E13A-4C76-8946-64B26A7A5DC5}.Ad-Hoc|iPhoneSimulator.Build.0 = Debug|Any CPU
		{3A319645-E13A-4C76-8946-64B26A7A5DC5}.Ad-Hoc|x64.ActiveCfg = Debug|Any CPU
		{3A319645-E13A-4C76-8946-64B26A7A5DC5}.Ad-Hoc|x64.Build.0 = Debug|Any CPU
		{3A319645-E13A-4C76-8946-64B26A7A5DC5}.Ad-Hoc|x86.ActiveCfg = Debug|Any CPU
		{3A319645-E13A-4C76-8946-64B26A7A5DC5}.Ad-Hoc|x86.Build.0 = Debug|Any CPU
		{3A319645-E13A-4C76-8946-64B26A7A5DC5}.AppStore|Any CPU.ActiveCfg = Debug|Any CPU
		{3A319645-E13A-4C76-8946-64B26A7A5DC5}.AppStore|Any CPU.Build.0 = Debug|Any CPU
		{3A319645-E13A-4C76-8946-64B26A7A5DC5}.AppStore|ARM.ActiveCfg = Debug|Any CPU
		{3A319645-E13A-4C76-8946-64B26A7A5DC5}.AppStore|ARM.Build.0 = Debug|Any CPU
		{3A319645-E13A-4C76-8946-64B26A7A5DC5}.AppStore|iPhone.ActiveCfg = Debug|Any CPU
		{3A319645-E13A-4C76-8946-64B26A7A5DC5}.AppStore|iPhone.Build.0 = Debug|Any CPU
		{3A319645-E13A-4C76-8946-64B26A7A5DC5}.AppStore|iPhoneSimulator.ActiveCfg = Debug|Any CPU
		{3A319645-E13A-4C76-8946-64B26A7A5DC5}.AppStore|iPhoneSimulator.Build.0 = Debug|Any CPU
		{3A319645-E13A-4C76-8946-64B26A7A5DC5}.AppStore|x64.ActiveCfg = Debug|Any CPU
		{3A319645-E13A-4C76-8946-64B26A7A5DC5}.AppStore|x64.Build.0 = Debug|Any CPU
		{3A319645-E13A-4C76-8946-64B26A7A5DC5}.AppStore|x86.ActiveCfg = Debug|Any CPU
		{3A319645-E13A-4C76-8946-64B26A7A5DC5}.AppStore|x86.Build.0 = Debug|Any CPU
		{3A319645-E13A-4C76-8946-64B26A7A5DC5}.Debug|Any CPU.ActiveCfg = Debug|Any CPU
		{3A319645-E13A-4C76-8946-64B26A7A5DC5}.Debug|Any CPU.Build.0 = Debug|Any CPU
		{3A319645-E13A-4C76-8946-64B26A7A5DC5}.Debug|ARM.ActiveCfg = Debug|Any CPU
		{3A319645-E13A-4C76-8946-64B26A7A5DC5}.Debug|ARM.Build.0 = Debug|Any CPU
		{3A319645-E13A-4C76-8946-64B26A7A5DC5}.Debug|iPhone.ActiveCfg = Debug|Any CPU
		{3A319645-E13A-4C76-8946-64B26A7A5DC5}.Debug|iPhone.Build.0 = Debug|Any CPU
		{3A319645-E13A-4C76-8946-64B26A7A5DC5}.Debug|iPhoneSimulator.ActiveCfg = Debug|Any CPU
		{3A319645-E13A-4C76-8946-64B26A7A5DC5}.Debug|iPhoneSimulator.Build.0 = Debug|Any CPU
		{3A319645-E13A-4C76-8946-64B26A7A5DC5}.Debug|x64.ActiveCfg = Debug|Any CPU
		{3A319645-E13A-4C76-8946-64B26A7A5DC5}.Debug|x64.Build.0 = Debug|Any CPU
		{3A319645-E13A-4C76-8946-64B26A7A5DC5}.Debug|x86.ActiveCfg = Debug|Any CPU
		{3A319645-E13A-4C76-8946-64B26A7A5DC5}.Debug|x86.Build.0 = Debug|Any CPU
		{3A319645-E13A-4C76-8946-64B26A7A5DC5}.Release|Any CPU.ActiveCfg = Release|Any CPU
		{3A319645-E13A-4C76-8946-64B26A7A5DC5}.Release|Any CPU.Build.0 = Release|Any CPU
		{3A319645-E13A-4C76-8946-64B26A7A5DC5}.Release|ARM.ActiveCfg = Release|Any CPU
		{3A319645-E13A-4C76-8946-64B26A7A5DC5}.Release|ARM.Build.0 = Release|Any CPU
		{3A319645-E13A-4C76-8946-64B26A7A5DC5}.Release|iPhone.ActiveCfg = Release|Any CPU
		{3A319645-E13A-4C76-8946-64B26A7A5DC5}.Release|iPhone.Build.0 = Release|Any CPU
		{3A319645-E13A-4C76-8946-64B26A7A5DC5}.Release|iPhoneSimulator.ActiveCfg = Release|Any CPU
		{3A319645-E13A-4C76-8946-64B26A7A5DC5}.Release|iPhoneSimulator.Build.0 = Release|Any CPU
		{3A319645-E13A-4C76-8946-64B26A7A5DC5}.Release|x64.ActiveCfg = Release|Any CPU
		{3A319645-E13A-4C76-8946-64B26A7A5DC5}.Release|x64.Build.0 = Release|Any CPU
		{3A319645-E13A-4C76-8946-64B26A7A5DC5}.Release|x86.ActiveCfg = Release|Any CPU
		{3A319645-E13A-4C76-8946-64B26A7A5DC5}.Release|x86.Build.0 = Release|Any CPU
	EndGlobalSection
	GlobalSection(SolutionProperties) = preSolution
		HideSolutionNode = FALSE
	EndGlobalSection
	GlobalSection(ExtensibilityGlobals) = postSolution
		SolutionGuid = {32478258-B18C-47E6-8DA9-2FA6A16FA5D6}
	EndGlobalSection
EndGlobal
